
Microsoft Visual Studio Solution File, Format Version 12.00
# Visual Studio Version 17
VisualStudioVersion = 17.10.35013.160
MinimumVisualStudioVersion = 10.0.40219.1
Project("{2150E333-8FDC-42A3-9474-1A3956D46DE8}") = "src", "src", "{AC24A4F0-4127-4CBC-8A45-98FB34351986}"
EndProject
Project("{9A19103F-16F7-4668-BE54-9A1E7A4F7556}") = "GameServer", "src\GameServer\GameServer.csproj", "{5952CC85-7EC5-4B6D-B1E4-66C87EB3610F}"
EndProject
Project("{FAE04EC0-301F-11D3-BF4B-00C04F79EFBC}") = "AuthService", "src\AuthService\AuthService.csproj", "{462F2B2B-063A-4D50-BC8B-9B690D2B22BB}"
EndProject
Global
	GlobalSection(SolutionConfigurationPlatforms) = preSolution
		Debug|Any CPU = Debug|Any CPU
		Release|Any CPU = Release|Any CPU
	EndGlobalSection
	GlobalSection(ProjectConfigurationPlatforms) = postSolution
		{5952CC85-7EC5-4B6D-B1E4-66C87EB3610F}.Debug|Any CPU.ActiveCfg = Debug|Any CPU
		{5952CC85-7EC5-4B6D-B1E4-66C87EB3610F}.Debug|Any CPU.Build.0 = Debug|Any CPU
		{5952CC85-7EC5-4B6D-B1E4-66C87EB3610F}.Release|Any CPU.ActiveCfg = Release|Any CPU
		{5952CC85-7EC5-4B6D-B1E4-66C87EB3610F}.Release|Any CPU.Build.0 = Release|Any CPU
		{462F2B2B-063A-4D50-BC8B-9B690D2B22BB}.Debug|Any CPU.ActiveCfg = Debug|Any CPU
		{462F2B2B-063A-4D50-BC8B-9B690D2B22BB}.Debug|Any CPU.Build.0 = Debug|Any CPU
		{462F2B2B-063A-4D50-BC8B-9B690D2B22BB}.Release|Any CPU.ActiveCfg = Release|Any CPU
		{462F2B2B-063A-4D50-BC8B-9B690D2B22BB}.Release|Any CPU.Build.0 = Release|Any CPU
	EndGlobalSection
	GlobalSection(SolutionProperties) = preSolution
		HideSolutionNode = FALSE
	EndGlobalSection
	GlobalSection(NestedProjects) = preSolution
		{5952CC85-7EC5-4B6D-B1E4-66C87EB3610F} = {AC24A4F0-4127-4CBC-8A45-98FB34351986}
		{462F2B2B-063A-4D50-BC8B-9B690D2B22BB} = {AC24A4F0-4127-4CBC-8A45-98FB34351986}
	EndGlobalSection
	GlobalSection(ExtensibilityGlobals) = postSolution
		SolutionGuid = {C6386A27-7228-4C4D-9264-EBFFC506269E}
	EndGlobalSection
EndGlobal
